{
  "name": "AulaReact",
  "lockfileVersion": 3,
  "requires": true,
  "packages": {
    "": {
      "dependencies": {
        "-": "^0.0.1",
        "creat": "^1.0.3",
        "g": "^2.0.1"
      }
    },
    "node_modules/-": {
      "version": "0.0.1",
      "resolved": "https://registry.npmjs.org/-/-/--0.0.1.tgz",
      "integrity": "sha512-3HfneK3DGAm05fpyj20sT3apkNcvPpCuccOThOPdzz8sY7GgQGe0l93XH9bt+YzibcTIgUAIMoyVJI740RtgyQ=="
    },
    "node_modules/creat": {
      "version": "1.0.3",
      "resolved": "https://registry.npmjs.org/creat/-/creat-1.0.3.tgz",
      "integrity": "sha512-UaZi9t5mModQI9EJdTg+0x2QIKP9ZAka7LVbuqU1Tw44iX9mckVJFvE58Zp2HOnyF90CQLz/MV6VvS4WnXN7Sw=="
    },
    "node_modules/g": {
      "version": "2.0.1",
      "resolved": "https://registry.npmjs.org/g/-/g-2.0.1.tgz",
      "integrity": "sha512-Fi6Ng5fZ/ANLQ15H11hCe+09sgUoNvDEBevVgx3KoYOhsH5iLNPn54hx0jPZ+3oSWr+xajnp2Qau9VmPsc7hTA=="
    }
  }
}
